# THIS IS AN AUTOGENERATED FILE. DO NOT EDIT THIS FILE DIRECTLY.
# yarn lockfile v1


"@hapi/address@2.x.x":
  version "2.0.0"
  resolved "https://registry.yarnpkg.com/@hapi/address/-/address-2.0.0.tgz#9f05469c88cb2fd3dcd624776b54ee95c312126a"
  integrity sha512-mV6T0IYqb0xL1UALPFplXYQmR0twnXG0M6jUswpquqT2sD12BOiCiLy3EvMp/Fy7s3DZElC4/aPjEjo2jeZpvw==

"@hapi/hoek@6.x.x":
  version "6.2.3"
  resolved "https://registry.yarnpkg.com/@hapi/hoek/-/hoek-6.2.3.tgz#0abff7ac75d0c5388d2829c464b2aff74d473721"
  integrity sha512-CtV9cp35+6Sfh6OfB+AYBozNIorZ6npNJjfO8InIyh/iFQI7uBW9bIApYoYf6TWq9w9BArecw2DDJf7oK+VlRw==

"@hapi/joi@^15.0.3":
  version "15.0.3"
  resolved "https://registry.yarnpkg.com/@hapi/joi/-/joi-15.0.3.tgz#e94568fd859e5e945126d5675e7dd218484638a7"
  integrity sha512-z6CesJ2YBwgVCi+ci8SI8zixoj8bGFn/vZb9MBPbSyoxsS2PnWYjHcyTM17VLK6tx64YVK38SDIh10hJypB+ig==
  dependencies:
    "@hapi/address" "2.x.x"
    "@hapi/hoek" "6.x.x"
    "@hapi/topo" "3.x.x"

"@hapi/topo@3.x.x":
  version "3.1.0"
  resolved "https://registry.yarnpkg.com/@hapi/topo/-/topo-3.1.0.tgz#5c47cd9637c2953db185aa957a27bcb2a8b7a6f8"
  integrity sha512-gZDI/eXOIk8kP2PkUKjWu9RW8GGVd2Hkgjxyr/S7Z+JF+0mr7bAlbw+DkTRxnD580o8Kqxlnba9wvqp5aOHBww==
  dependencies:
    "@hapi/hoek" "6.x.x"

cpf-cnpj-validator@^0.0.6:
  version "0.0.6"
  resolved "https://registry.yarnpkg.com/cpf-cnpj-validator/-/cpf-cnpj-validator-0.0.6.tgz#bda3ab3aa4eec6203eabf8d2e69d54070f0649cc"
  integrity sha512-iPUeUJaqsUBwNROpQ9fD6zbARrgoyJesuKWmRJpibBGNK73sEK4ZIkb4MlxIn681hMrx0QfmxixQ9aGu+CWZkA==

hoek@6.x.x:
  version "6.1.3"
  resolved "https://registry.yarnpkg.com/hoek/-/hoek-6.1.3.tgz#73b7d33952e01fe27a38b0457294b79dd8da242c"
  integrity sha512-YXXAAhmF9zpQbC7LEcREFtXfGq5K1fmd+4PHkBq8NUqmzW3G+Dq10bI/i0KucLRwss3YYFQ0fSfoxBZYiGUqtQ==

isemail@3.x.x:
  version "3.2.0"
  resolved "https://registry.yarnpkg.com/isemail/-/isemail-3.2.0.tgz#59310a021931a9fb06bbb51e155ce0b3f236832c"
  integrity sha512-zKqkK+O+dGqevc93KNsbZ/TqTUFd46MwWjYOoMrjIMZ51eU7DtQG3Wmd9SQQT7i7RVnuTPEiYEWHU3MSbxC1Tg==
  dependencies:
    punycode "2.x.x"

joi@^14.3.1:
  version "14.3.1"
  resolved "https://registry.yarnpkg.com/joi/-/joi-14.3.1.tgz#164a262ec0b855466e0c35eea2a885ae8b6c703c"
  integrity sha512-LQDdM+pkOrpAn4Lp+neNIFV3axv1Vna3j38bisbQhETPMANYRbFJFUyOZcOClYvM/hppMhGWuKSFEK9vjrB+bQ==
  dependencies:
    hoek "6.x.x"
    isemail "3.x.x"
    topo "3.x.x"

punycode@2.x.x:
  version "2.1.1"
  resolved "https://registry.yarnpkg.com/punycode/-/punycode-2.1.1.tgz#b58b010ac40c22c5657616c8d2c2c02c7bf479ec"
  integrity sha512-XRsRjdf+j5ml+y/6GKHPZbrF/8p2Yga0JPtdqTIY2Xe5ohJPD9saDJJLPvp9+NSBprVvevdXZybnj2cv8OEd0A==

topo@3.x.x:
  version "3.0.3"
  resolved "https://registry.yarnpkg.com/topo/-/topo-3.0.3.tgz#d5a67fb2e69307ebeeb08402ec2a2a6f5f7ad95c"
  integrity sha512-IgpPtvD4kjrJ7CRA3ov2FhWQADwv+Tdqbsf1ZnPUSAtCJ9e1Z44MmoSGDXGk4IppoZA7jd/QRkNddlLJWlUZsQ==
  dependencies:
    hoek "6.x.x"
